
Microsoft Visual Studio Solution File, Format Version 12.00
# Visual Studio Version 17
VisualStudioVersion = 17.2.32526.322
MinimumVisualStudioVersion = 10.0.40219.1
Project("{FAE04EC0-301F-11D3-BF4B-00C04F79EFBC}") = "SR12", "SR12\SR12.csproj", "{B96C9806-8502-4EFC-80B9-72108C866F5A}"
EndProject
Global
	GlobalSection(SolutionConfigurationPlatforms) = preSolution
		Debug|Any CPU = Debug|Any CPU
		Release|Any CPU = Release|Any CPU
	EndGlobalSection
	GlobalSection(ProjectConfigurationPlatforms) = postSolution
		{B96C9806-8502-4EFC-80B9-72108C866F5A}.Debug|Any CPU.ActiveCfg = Debug|Any CPU
		{B96C9806-8502-4EFC-80B9-72108C866F5A}.Debug|Any CPU.Build.0 = Debug|Any CPU
		{B96C9806-8502-4EFC-80B9-72108C866F5A}.Release|Any CPU.ActiveCfg = Release|Any CPU
		{B96C9806-8502-4EFC-80B9-72108C866F5A}.Release|Any CPU.Build.0 = Release|Any CPU
	EndGlobalSection
	GlobalSection(SolutionProperties) = preSolution
		HideSolutionNode = FALSE
	EndGlobalSection
	GlobalSection(ExtensibilityGlobals) = postSolution
		SolutionGuid = {FAE5B540-71CD-46F5-A297-965627AB52A9}
	EndGlobalSection
EndGlobal
